
Microsoft Visual Studio Solution File, Format Version 12.00
# Visual Studio Version 17
VisualStudioVersion = 17.5.33627.172
MinimumVisualStudioVersion = 10.0.40219.1
Project("{FAE04EC0-301F-11D3-BF4B-00C04F79EFBC}") = "EntityFramework", "EntityFramework\EntityFramework.csproj", "{8D236E2E-2EBF-4192-ABD3-E607F3C19196}"
EndProject
Global
	GlobalSection(SolutionConfigurationPlatforms) = preSolution
		Debug|Any CPU = Debug|Any CPU
		Release|Any CPU = Release|Any CPU
	EndGlobalSection
	GlobalSection(ProjectConfigurationPlatforms) = postSolution
		{8D236E2E-2EBF-4192-ABD3-E607F3C19196}.Debug|Any CPU.ActiveCfg = Debug|Any CPU
		{8D236E2E-2EBF-4192-ABD3-E607F3C19196}.Debug|Any CPU.Build.0 = Debug|Any CPU
		{8D236E2E-2EBF-4192-ABD3-E607F3C19196}.Release|Any CPU.ActiveCfg = Release|Any CPU
		{8D236E2E-2EBF-4192-ABD3-E607F3C19196}.Release|Any CPU.Build.0 = Release|Any CPU
	EndGlobalSection
	GlobalSection(SolutionProperties) = preSolution
		HideSolutionNode = FALSE
	EndGlobalSection
	GlobalSection(ExtensibilityGlobals) = postSolution
		SolutionGuid = {86CB31FA-7527-4D8F-B8E3-0ED2C4445E9D}
	EndGlobalSection
EndGlobal
